// !$*UTF8*$!
{
	archiveVersion = 1;
	classes = {
	};
	objectVersion = 46;
	objects = {

/* Begin PBXBuildFile section */
		AC0C49561E5B17B000F23D74 /* GPPerson.m in Sources */ = {isa = PBXBuildFile; fileRef = AC0C49551E5B17B000F23D74 /* GPPerson.m */; };
		AC0C49591E5B1B8E00F23D74 /* GPFinery.m in Sources */ = {isa = PBXBuildFile; fileRef = AC0C49581E5B1B8E00F23D74 /* GPFinery.m */; };
		AC0C495C1E5B1E3200F23D74 /* GPTShirts.m in Sources */ = {isa = PBXBuildFile; fileRef = AC0C495B1E5B1E3200F23D74 /* GPTShirts.m */; };
		AC0C495F1E5B1EA400F23D74 /* GPBigTrouser.m in Sources */ = {isa = PBXBuildFile; fileRef = AC0C495E1E5B1EA400F23D74 /* GPBigTrouser.m */; };
		AC0C49621E5B1ED700F23D74 /* GPSneakers.m in Sources */ = {isa = PBXBuildFile; fileRef = AC0C49611E5B1ED700F23D74 /* GPSneakers.m */; };
		AC0C49651E5B1F2800F23D74 /* GPThreeViewController.m in Sources */ = {isa = PBXBuildFile; fileRef = AC0C49641E5B1F2800F23D74 /* GPThreeViewController.m */; };
		AC0C49671E5B1F3500F23D74 /* GPThreeViewController.storyboard in Resources */ = {isa = PBXBuildFile; fileRef = AC0C49661E5B1F3500F23D74 /* GPThreeViewController.storyboard */; };
		AC0C49A71E5C6BCC00F23D74 /* GPPursuit.m in Sources */ = {isa = PBXBuildFile; fileRef = AC0C49A61E5C6BCC00F23D74 /* GPPursuit.m */; };
		AC0C49AA1E5C6CE400F23D74 /* GPProxy.m in Sources */ = {isa = PBXBuildFile; fileRef = AC0C49A91E5C6CE400F23D74 /* GPProxy.m */; };
		AC0C49AD1E5C6D6200F23D74 /* GPGirl.m in Sources */ = {isa = PBXBuildFile; fileRef = AC0C49AC1E5C6D6200F23D74 /* GPGirl.m */; };
		AC0C49B01E5C6F4B00F23D74 /* GPFourViewController.m in Sources */ = {isa = PBXBuildFile; fileRef = AC0C49AF1E5C6F4B00F23D74 /* GPFourViewController.m */; };
		AC0C49B21E5C6F5500F23D74 /* GPFourViewController.storyboard in Resources */ = {isa = PBXBuildFile; fileRef = AC0C49B11E5C6F5500F23D74 /* GPFourViewController.storyboard */; };
		AC0C49B61E5C70B400F23D74 /* GPBaseViewController.m in Sources */ = {isa = PBXBuildFile; fileRef = AC0C49B51E5C70B400F23D74 /* GPBaseViewController.m */; };
		AC4D4BB51E51D94E0057CBBE /* main.m in Sources */ = {isa = PBXBuildFile; fileRef = AC4D4BB41E51D94E0057CBBE /* main.m */; };
		AC4D4BB81E51D94E0057CBBE /* AppDelegate.m in Sources */ = {isa = PBXBuildFile; fileRef = AC4D4BB71E51D94E0057CBBE /* AppDelegate.m */; };
		AC4D4BBB1E51D94E0057CBBE /* ViewController.m in Sources */ = {isa = PBXBuildFile; fileRef = AC4D4BBA1E51D94E0057CBBE /* ViewController.m */; };
		AC4D4BBE1E51D94E0057CBBE /* Main.storyboard in Resources */ = {isa = PBXBuildFile; fileRef = AC4D4BBC1E51D94E0057CBBE /* Main.storyboard */; };
		AC4D4BC01E51D94E0057CBBE /* Assets.xcassets in Resources */ = {isa = PBXBuildFile; fileRef = AC4D4BBF1E51D94E0057CBBE /* Assets.xcassets */; };
		AC4D4BC31E51D94E0057CBBE /* LaunchScreen.storyboard in Resources */ = {isa = PBXBuildFile; fileRef = AC4D4BC11E51D94E0057CBBE /* LaunchScreen.storyboard */; };
		AC4D4BCE1E51D94E0057CBBE /* GPDesignModeTests.m in Sources */ = {isa = PBXBuildFile; fileRef = AC4D4BCD1E51D94E0057CBBE /* GPDesignModeTests.m */; };
		AC4D4BD91E51D94E0057CBBE /* GPDesignModeUITests.m in Sources */ = {isa = PBXBuildFile; fileRef = AC4D4BD81E51D94E0057CBBE /* GPDesignModeUITests.m */; };
		AC4D4BEA1E51E49C0057CBBE /* GPOperation.m in Sources */ = {isa = PBXBuildFile; fileRef = AC4D4BE91E51E49C0057CBBE /* GPOperation.m */; };
		AC4D4BED1E51E8EE0057CBBE /* GPOperationAdd.m in Sources */ = {isa = PBXBuildFile; fileRef = AC4D4BEC1E51E8EE0057CBBE /* GPOperationAdd.m */; };
		AC4D4BF01E51E95A0057CBBE /* GPOperationSub.m in Sources */ = {isa = PBXBuildFile; fileRef = AC4D4BEF1E51E95A0057CBBE /* GPOperationSub.m */; };
		AC4D4BF31E51E9A30057CBBE /* GPOperationMul.m in Sources */ = {isa = PBXBuildFile; fileRef = AC4D4BF21E51E9A30057CBBE /* GPOperationMul.m */; };
		AC4D4BFE1E51EA7B0057CBBE /* SVIndefiniteAnimatedView.m in Sources */ = {isa = PBXBuildFile; fileRef = AC4D4BF61E51EA7B0057CBBE /* SVIndefiniteAnimatedView.m */; };
		AC4D4BFF1E51EA7B0057CBBE /* SVProgressAnimatedView.m in Sources */ = {isa = PBXBuildFile; fileRef = AC4D4BF81E51EA7B0057CBBE /* SVProgressAnimatedView.m */; };
		AC4D4C001E51EA7B0057CBBE /* SVProgressHUD.bundle in Resources */ = {isa = PBXBuildFile; fileRef = AC4D4BF91E51EA7B0057CBBE /* SVProgressHUD.bundle */; };
		AC4D4C011E51EA7B0057CBBE /* SVProgressHUD.m in Sources */ = {isa = PBXBuildFile; fileRef = AC4D4BFB1E51EA7B0057CBBE /* SVProgressHUD.m */; };
		AC4D4C021E51EA7B0057CBBE /* SVRadialGradientLayer.m in Sources */ = {isa = PBXBuildFile; fileRef = AC4D4BFD1E51EA7B0057CBBE /* SVRadialGradientLayer.m */; };
		AC4D4C051E51EB880057CBBE /* GPOperAtionDiv.m in Sources */ = {isa = PBXBuildFile; fileRef = AC4D4C041E51EB880057CBBE /* GPOperAtionDiv.m */; };
		AC4D4C081E51ED860057CBBE /* GPOperationFactory.m in Sources */ = {isa = PBXBuildFile; fileRef = AC4D4C071E51ED860057CBBE /* GPOperationFactory.m */; };
		AC4D4C0F1E51F1730057CBBE /* UITableView+SDAutoTableViewCellHeight.m in Sources */ = {isa = PBXBuildFile; fileRef = AC4D4C0C1E51F1730057CBBE /* UITableView+SDAutoTableViewCellHeight.m */; };
		AC4D4C101E51F1730057CBBE /* UIView+SDAutoLayout.m in Sources */ = {isa = PBXBuildFile; fileRef = AC4D4C0E1E51F1730057CBBE /* UIView+SDAutoLayout.m */; };
		ACC121FF1E55D7D9003BFF09 /* GPStrategy.m in Sources */ = {isa = PBXBuildFile; fileRef = ACC121FE1E55D7D9003BFF09 /* GPStrategy.m */; };
		ACC122021E55DCF6003BFF09 /* GPCashNormal.m in Sources */ = {isa = PBXBuildFile; fileRef = ACC122011E55DCF6003BFF09 /* GPCashNormal.m */; };
		ACC122081E55DD21003BFF09 /* GPCashRebate.m in Sources */ = {isa = PBXBuildFile; fileRef = ACC122071E55DD21003BFF09 /* GPCashRebate.m */; };
		ACC1220B1E55DD3B003BFF09 /* GPCashReturn.m in Sources */ = {isa = PBXBuildFile; fileRef = ACC1220A1E55DD3B003BFF09 /* GPCashReturn.m */; };
		ACC1220E1E55E0BA003BFF09 /* GPCashContext.m in Sources */ = {isa = PBXBuildFile; fileRef = ACC1220D1E55E0BA003BFF09 /* GPCashContext.m */; };
		ACC122111E55E681003BFF09 /* GPTwoViewController.m in Sources */ = {isa = PBXBuildFile; fileRef = ACC122101E55E681003BFF09 /* GPTwoViewController.m */; };
		ACC122131E55E690003BFF09 /* GPTwoViewController.storyboard in Resources */ = {isa = PBXBuildFile; fileRef = ACC122121E55E690003BFF09 /* GPTwoViewController.storyboard */; };
		ACE415DF1E532F6200752695 /* GPOneViewController.m in Sources */ = {isa = PBXBuildFile; fileRef = ACE415DE1E532F6200752695 /* GPOneViewController.m */; };
		ACE415E11E532F7D00752695 /* GPOneViewController.storyboard in Resources */ = {isa = PBXBuildFile; fileRef = ACE415E01E532F7D00752695 /* GPOneViewController.storyboard */; };
		ACE416071E5331AC00752695 /* IQNSArray+Sort.m in Sources */ = {isa = PBXBuildFile; fileRef = ACE415E51E5331AC00752695 /* IQNSArray+Sort.m */; };
		ACE416081E5331AC00752695 /* IQUIScrollView+Additions.m in Sources */ = {isa = PBXBuildFile; fileRef = ACE415E71E5331AC00752695 /* IQUIScrollView+Additions.m */; };
		ACE416091E5331AC00752695 /* IQUITextFieldView+Additions.m in Sources */ = {isa = PBXBuildFile; fileRef = ACE415E91E5331AC00752695 /* IQUITextFieldView+Additions.m */; };
		ACE4160A1E5331AC00752695 /* IQUIView+Hierarchy.m in Sources */ = {isa = PBXBuildFile; fileRef = ACE415EB1E5331AC00752695 /* IQUIView+Hierarchy.m */; };
		ACE4160B1E5331AC00752695 /* IQUIViewController+Additions.m in Sources */ = {isa = PBXBuildFile; fileRef = ACE415ED1E5331AC00752695 /* IQUIViewController+Additions.m */; };
		ACE4160C1E5331AD00752695 /* IQUIWindow+Hierarchy.m in Sources */ = {isa = PBXBuildFile; fileRef = ACE415EF1E5331AC00752695 /* IQUIWindow+Hierarchy.m */; };
		ACE4160D1E5331AD00752695 /* IQKeyboardManager.m in Sources */ = {isa = PBXBuildFile; fileRef = ACE415F41E5331AC00752695 /* IQKeyboardManager.m */; };
		ACE4160E1E5331AD00752695 /* IQKeyboardReturnKeyHandler.m in Sources */ = {isa = PBXBuildFile; fileRef = ACE415F61E5331AC00752695 /* IQKeyboardReturnKeyHandler.m */; };
		ACE4160F1E5331AD00752695 /* IQTextView.m in Sources */ = {isa = PBXBuildFile; fileRef = ACE415F91E5331AC00752695 /* IQTextView.m */; };
		ACE416101E5331AD00752695 /* IQBarButtonItem.m in Sources */ = {isa = PBXBuildFile; fileRef = ACE415FC1E5331AC00752695 /* IQBarButtonItem.m */; };
		ACE416111E5331AD00752695 /* IQPreviousNextView.m in Sources */ = {isa = PBXBuildFile; fileRef = ACE415FE1E5331AC00752695 /* IQPreviousNextView.m */; };
		ACE416121E5331AD00752695 /* IQTitleBarButtonItem.m in Sources */ = {isa = PBXBuildFile; fileRef = ACE416001E5331AC00752695 /* IQTitleBarButtonItem.m */; };
		ACE416131E5331AD00752695 /* IQToolbar.m in Sources */ = {isa = PBXBuildFile; fileRef = ACE416021E5331AC00752695 /* IQToolbar.m */; };
		ACE416141E5331AD00752695 /* IQUIView+IQKeyboardToolbar.m in Sources */ = {isa = PBXBuildFile; fileRef = ACE416041E5331AC00752695 /* IQUIView+IQKeyboardToolbar.m */; };
		ACE416151E5331AD00752695 /* IQKeyboardManager.bundle in Resources */ = {isa = PBXBuildFile; fileRef = ACE416061E5331AC00752695 /* IQKeyboardManager.bundle */; };
		ACE416191E533F3000752695 /* UIViewController+GPExtension.m in Sources */ = {isa = PBXBuildFile; fileRef = ACE416181E533F3000752695 /* UIViewController+GPExtension.m */; };
/* End PBXBuildFile section */

/* Begin PBXContainerItemProxy section */
		AC4D4BCA1E51D94E0057CBBE /* PBXContainerItemProxy */ = {
			isa = PBXContainerItemProxy;
			containerPortal = AC4D4BA81E51D94D0057CBBE /* Project object */;
			proxyType = 1;
			remoteGlobalIDString = AC4D4BAF1E51D94E0057CBBE;
			remoteInfo = GPDesignMode;
		};
		AC4D4BD51E51D94E0057CBBE /* PBXContainerItemProxy */ = {
			isa = PBXContainerItemProxy;
			containerPortal = AC4D4BA81E51D94D0057CBBE /* Project object */;
			proxyType = 1;
			remoteGlobalIDString = AC4D4BAF1E51D94E0057CBBE;
			remoteInfo = GPDesignMode;
		};
/* End PBXContainerItemProxy section */

/* Begin PBXFileReference section */
		AC0C49541E5B17B000F23D74 /* GPPerson.h */ = {isa = PBXFileReference; fileEncoding = 4; lastKnownFileType = sourcecode.c.h; path = GPPerson.h; sourceTree = "<group>"; };
		AC0C49551E5B17B000F23D74 /* GPPerson.m */ = {isa = PBXFileReference; fileEncoding = 4; lastKnownFileType = sourcecode.c.objc; path = GPPerson.m; sourceTree = "<group>"; };
		AC0C49571E5B1B8E00F23D74 /* GPFinery.h */ = {isa = PBXFileReference; fileEncoding = 4; lastKnownFileType = sourcecode.c.h; path = GPFinery.h; sourceTree = "<group>"; };
		AC0C49581E5B1B8E00F23D74 /* GPFinery.m */ = {isa = PBXFileReference; fileEncoding = 4; lastKnownFileType = sourcecode.c.objc; path = GPFinery.m; sourceTree = "<group>"; };
		AC0C495A1E5B1E3200F23D74 /* GPTShirts.h */ = {isa = PBXFileReference; fileEncoding = 4; lastKnownFileType = sourcecode.c.h; path = GPTShirts.h; sourceTree = "<group>"; };
		AC0C495B1E5B1E3200F23D74 /* GPTShirts.m */ = {isa = PBXFileReference; fileEncoding = 4; lastKnownFileType = sourcecode.c.objc; path = GPTShirts.m; sourceTree = "<group>"; };
		AC0C495D1E5B1EA400F23D74 /* GPBigTrouser.h */ = {isa = PBXFileReference; fileEncoding = 4; lastKnownFileType = sourcecode.c.h; path = GPBigTrouser.h; sourceTree = "<group>"; };
		AC0C495E1E5B1EA400F23D74 /* GPBigTrouser.m */ = {isa = PBXFileReference; fileEncoding = 4; lastKnownFileType = sourcecode.c.objc; path = GPBigTrouser.m; sourceTree = "<group>"; };
		AC0C49601E5B1ED700F23D74 /* GPSneakers.h */ = {isa = PBXFileReference; fileEncoding = 4; lastKnownFileType = sourcecode.c.h; path = GPSneakers.h; sourceTree = "<group>"; };
		AC0C49611E5B1ED700F23D74 /* GPSneakers.m */ = {isa = PBXFileReference; fileEncoding = 4; lastKnownFileType = sourcecode.c.objc; path = GPSneakers.m; sourceTree = "<group>"; };
		AC0C49631E5B1F2800F23D74 /* GPThreeViewController.h */ = {isa = PBXFileReference; fileEncoding = 4; lastKnownFileType = sourcecode.c.h; path = GPThreeViewController.h; sourceTree = "<group>"; };
		AC0C49641E5B1F2800F23D74 /* GPThreeViewController.m */ = {isa = PBXFileReference; fileEncoding = 4; lastKnownFileType = sourcecode.c.objc; path = GPThreeViewController.m; sourceTree = "<group>"; };
		AC0C49661E5B1F3500F23D74 /* GPThreeViewController.storyboard */ = {isa = PBXFileReference; fileEncoding = 4; lastKnownFileType = file.storyboard; path = GPThreeViewController.storyboard; sourceTree = "<group>"; };
		AC0C49A21E5C6B3B00F23D74 /* GPGiveGift.h */ = {isa = PBXFileReference; fileEncoding = 4; lastKnownFileType = sourcecode.c.h; path = GPGiveGift.h; sourceTree = "<group>"; };
		AC0C49A51E5C6BCC00F23D74 /* GPPursuit.h */ = {isa = PBXFileReference; fileEncoding = 4; lastKnownFileType = sourcecode.c.h; path = GPPursuit.h; sourceTree = "<group>"; };
		AC0C49A61E5C6BCC00F23D74 /* GPPursuit.m */ = {isa = PBXFileReference; fileEncoding = 4; lastKnownFileType = sourcecode.c.objc; path = GPPursuit.m; sourceTree = "<group>"; };
		AC0C49A81E5C6CE400F23D74 /* GPProxy.h */ = {isa = PBXFileReference; fileEncoding = 4; lastKnownFileType = sourcecode.c.h; path = GPProxy.h; sourceTree = "<group>"; };
		AC0C49A91E5C6CE400F23D74 /* GPProxy.m */ = {isa = PBXFileReference; fileEncoding = 4; lastKnownFileType = sourcecode.c.objc; path = GPProxy.m; sourceTree = "<group>"; };
		AC0C49AB1E5C6D6200F23D74 /* GPGirl.h */ = {isa = PBXFileReference; fileEncoding = 4; lastKnownFileType = sourcecode.c.h; path = GPGirl.h; sourceTree = "<group>"; };
		AC0C49AC1E5C6D6200F23D74 /* GPGirl.m */ = {isa = PBXFileReference; fileEncoding = 4; lastKnownFileType = sourcecode.c.objc; path = GPGirl.m; sourceTree = "<group>"; };
		AC0C49AE1E5C6F4B00F23D74 /* GPFourViewController.h */ = {isa = PBXFileReference; fileEncoding = 4; lastKnownFileType = sourcecode.c.h; path = GPFourViewController.h; sourceTree = "<group>"; };
		AC0C49AF1E5C6F4B00F23D74 /* GPFourViewController.m */ = {isa = PBXFileReference; fileEncoding = 4; lastKnownFileType = sourcecode.c.objc; path = GPFourViewController.m; sourceTree = "<group>"; };
		AC0C49B11E5C6F5500F23D74 /* GPFourViewController.storyboard */ = {isa = PBXFileReference; fileEncoding = 4; lastKnownFileType = file.storyboard; path = GPFourViewController.storyboard; sourceTree = "<group>"; };
		AC0C49B41E5C70B400F23D74 /* GPBaseViewController.h */ = {isa = PBXFileReference; fileEncoding = 4; lastKnownFileType = sourcecode.c.h; path = GPBaseViewController.h; sourceTree = "<group>"; };
		AC0C49B51E5C70B400F23D74 /* GPBaseViewController.m */ = {isa = PBXFileReference; fileEncoding = 4; lastKnownFileType = sourcecode.c.objc; path = GPBaseViewController.m; sourceTree = "<group>"; };
		AC4D4BB01E51D94E0057CBBE /* GPDesignMode.app */ = {isa = PBXFileReference; explicitFileType = wrapper.application; includeInIndex = 0; path = GPDesignMode.app; sourceTree = BUILT_PRODUCTS_DIR; };
		AC4D4BB41E51D94E0057CBBE /* main.m */ = {isa = PBXFileReference; lastKnownFileType = sourcecode.c.objc; path = main.m; sourceTree = "<group>"; };
		AC4D4BB61E51D94E0057CBBE /* AppDelegate.h */ = {isa = PBXFileReference; lastKnownFileType = sourcecode.c.h; path = AppDelegate.h; sourceTree = "<group>"; };
		AC4D4BB71E51D94E0057CBBE /* AppDelegate.m */ = {isa = PBXFileReference; lastKnownFileType = sourcecode.c.objc; path = AppDelegate.m; sourceTree = "<group>"; };
		AC4D4BB91E51D94E0057CBBE /* ViewController.h */ = {isa = PBXFileReference; lastKnownFileType = sourcecode.c.h; path = ViewController.h; sourceTree = "<group>"; };
		AC4D4BBA1E51D94E0057CBBE /* ViewController.m */ = {isa = PBXFileReference; lastKnownFileType = sourcecode.c.objc; path = ViewController.m; sourceTree = "<group>"; };
		AC4D4BBD1E51D94E0057CBBE /* Base */ = {isa = PBXFileReference; lastKnownFileType = file.storyboard; name = Base; path = Base.lproj/Main.storyboard; sourceTree = "<group>"; };
		AC4D4BBF1E51D94E0057CBBE /* Assets.xcassets */ = {isa = PBXFileReference; lastKnownFileType = folder.assetcatalog; path = Assets.xcassets; sourceTree = "<group>"; };
		AC4D4BC21E51D94E0057CBBE /* Base */ = {isa = PBXFileReference; lastKnownFileType = file.storyboard; name = Base; path = Base.lproj/LaunchScreen.storyboard; sourceTree = "<group>"; };
		AC4D4BC41E51D94E0057CBBE /* Info.plist */ = {isa = PBXFileReference; lastKnownFileType = text.plist.xml; path = Info.plist; sourceTree = "<group>"; };
		AC4D4BC91E51D94E0057CBBE /* GPDesignModeTests.xctest */ = {isa = PBXFileReference; explicitFileType = wrapper.cfbundle; includeInIndex = 0; path = GPDesignModeTests.xctest; sourceTree = BUILT_PRODUCTS_DIR; };
		AC4D4BCD1E51D94E0057CBBE /* GPDesignModeTests.m */ = {isa = PBXFileReference; lastKnownFileType = sourcecode.c.objc; path = GPDesignModeTests.m; sourceTree = "<group>"; };
		AC4D4BCF1E51D94E0057CBBE /* Info.plist */ = {isa = PBXFileReference; lastKnownFileType = text.plist.xml; path = Info.plist; sourceTree = "<group>"; };
		AC4D4BD41E51D94E0057CBBE /* GPDesignModeUITests.xctest */ = {isa = PBXFileReference; explicitFileType = wrapper.cfbundle; includeInIndex = 0; path = GPDesignModeUITests.xctest; sourceTree = BUILT_PRODUCTS_DIR; };
		AC4D4BD81E51D94E0057CBBE /* GPDesignModeUITests.m */ = {isa = PBXFileReference; lastKnownFileType = sourcecode.c.objc; path = GPDesignModeUITests.m; sourceTree = "<group>"; };
		AC4D4BDA1E51D94E0057CBBE /* Info.plist */ = {isa = PBXFileReference; lastKnownFileType = text.plist.xml; path = Info.plist; sourceTree = "<group>"; };
		AC4D4BE71E51E2430057CBBE /* PrefixHeader.pch */ = {isa = PBXFileReference; lastKnownFileType = sourcecode.c.h; name = PrefixHeader.pch; path = ../PrefixHeader.pch; sourceTree = "<group>"; };
		AC4D4BE81E51E49B0057CBBE /* GPOperation.h */ = {isa = PBXFileReference; fileEncoding = 4; lastKnownFileType = sourcecode.c.h; path = GPOperation.h; sourceTree = "<group>"; };
		AC4D4BE91E51E49C0057CBBE /* GPOperation.m */ = {isa = PBXFileReference; fileEncoding = 4; lastKnownFileType = sourcecode.c.objc; path = GPOperation.m; sourceTree = "<group>"; };
		AC4D4BEB1E51E8EE0057CBBE /* GPOperationAdd.h */ = {isa = PBXFileReference; fileEncoding = 4; lastKnownFileType = sourcecode.c.h; path = GPOperationAdd.h; sourceTree = "<group>"; };
		AC4D4BEC1E51E8EE0057CBBE /* GPOperationAdd.m */ = {isa = PBXFileReference; fileEncoding = 4; lastKnownFileType = sourcecode.c.objc; path = GPOperationAdd.m; sourceTree = "<group>"; };
		AC4D4BEE1E51E95A0057CBBE /* GPOperationSub.h */ = {isa = PBXFileReference; fileEncoding = 4; lastKnownFileType = sourcecode.c.h; path = GPOperationSub.h; sourceTree = "<group>"; };
		AC4D4BEF1E51E95A0057CBBE /* GPOperationSub.m */ = {isa = PBXFileReference; fileEncoding = 4; lastKnownFileType = sourcecode.c.objc; path = GPOperationSub.m; sourceTree = "<group>"; };
		AC4D4BF11E51E9A30057CBBE /* GPOperationMul.h */ = {isa = PBXFileReference; fileEncoding = 4; lastKnownFileType = sourcecode.c.h; path = GPOperationMul.h; sourceTree = "<group>"; };
		AC4D4BF21E51E9A30057CBBE /* GPOperationMul.m */ = {isa = PBXFileReference; fileEncoding = 4; lastKnownFileType = sourcecode.c.objc; path = GPOperationMul.m; sourceTree = "<group>"; };
		AC4D4BF51E51EA7B0057CBBE /* SVIndefiniteAnimatedView.h */ = {isa = PBXFileReference; fileEncoding = 4; lastKnownFileType = sourcecode.c.h; path = SVIndefiniteAnimatedView.h; sourceTree = "<group>"; };
		AC4D4BF61E51EA7B0057CBBE /* SVIndefiniteAnimatedView.m */ = {isa = PBXFileReference; fileEncoding = 4; lastKnownFileType = sourcecode.c.objc; path = SVIndefiniteAnimatedView.m; sourceTree = "<group>"; };
		AC4D4BF71E51EA7B0057CBBE /* SVProgressAnimatedView.h */ = {isa = PBXFileReference; fileEncoding = 4; lastKnownFileType = sourcecode.c.h; path = SVProgressAnimatedView.h; sourceTree = "<group>"; };
		AC4D4BF81E51EA7B0057CBBE /* SVProgressAnimatedView.m */ = {isa = PBXFileReference; fileEncoding = 4; lastKnownFileType = sourcecode.c.objc; path = SVProgressAnimatedView.m; sourceTree = "<group>"; };
		AC4D4BF91E51EA7B0057CBBE /* SVProgressHUD.bundle */ = {isa = PBXFileReference; lastKnownFileType = "wrapper.plug-in"; path = SVProgressHUD.bundle; sourceTree = "<group>"; };
		AC4D4BFA1E51EA7B0057CBBE /* SVProgressHUD.h */ = {isa = PBXFileReference; fileEncoding = 4; lastKnownFileType = sourcecode.c.h; path = SVProgressHUD.h; sourceTree = "<group>"; };
		AC4D4BFB1E51EA7B0057CBBE /* SVProgressHUD.m */ = {isa = PBXFileReference; fileEncoding = 4; lastKnownFileType = sourcecode.c.objc; path = SVProgressHUD.m; sourceTree = "<group>"; };
		AC4D4BFC1E51EA7B0057CBBE /* SVRadialGradientLayer.h */ = {isa = PBXFileReference; fileEncoding = 4; lastKnownFileType = sourcecode.c.h; path = SVRadialGradientLayer.h; sourceTree = "<group>"; };
		AC4D4BFD1E51EA7B0057CBBE /* SVRadialGradientLayer.m */ = {isa = PBXFileReference; fileEncoding = 4; lastKnownFileType = sourcecode.c.objc; path = SVRadialGradientLayer.m; sourceTree = "<group>"; };
		AC4D4C031E51EB880057CBBE /* GPOperAtionDiv.h */ = {isa = PBXFileReference; fileEncoding = 4; lastKnownFileType = sourcecode.c.h; path = GPOperAtionDiv.h; sourceTree = "<group>"; };
		AC4D4C041E51EB880057CBBE /* GPOperAtionDiv.m */ = {isa = PBXFileReference; fileEncoding = 4; lastKnownFileType = sourcecode.c.objc; path = GPOperAtionDiv.m; sourceTree = "<group>"; };
		AC4D4C061E51ED860057CBBE /* GPOperationFactory.h */ = {isa = PBXFileReference; fileEncoding = 4; lastKnownFileType = sourcecode.c.h; path = GPOperationFactory.h; sourceTree = "<group>"; };
		AC4D4C071E51ED860057CBBE /* GPOperationFactory.m */ = {isa = PBXFileReference; fileEncoding = 4; lastKnownFileType = sourcecode.c.objc; path = GPOperationFactory.m; sourceTree = "<group>"; };
		AC4D4C0A1E51F1730057CBBE /* SDAutoLayout.h */ = {isa = PBXFileReference; fileEncoding = 4; lastKnownFileType = sourcecode.c.h; path = SDAutoLayout.h; sourceTree = "<group>"; };
		AC4D4C0B1E51F1730057CBBE /* UITableView+SDAutoTableViewCellHeight.h */ = {isa = PBXFileReference; fileEncoding = 4; lastKnownFileType = sourcecode.c.h; path = "UITableView+SDAutoTableViewCellHeight.h"; sourceTree = "<group>"; };
		AC4D4C0C1E51F1730057CBBE /* UITableView+SDAutoTableViewCellHeight.m */ = {isa = PBXFileReference; fileEncoding = 4; lastKnownFileType = sourcecode.c.objc; path = "UITableView+SDAutoTableViewCellHeight.m"; sourceTree = "<group>"; };
		AC4D4C0D1E51F1730057CBBE /* UIView+SDAutoLayout.h */ = {isa = PBXFileReference; fileEncoding = 4; lastKnownFileType = sourcecode.c.h; path = "UIView+SDAutoLayout.h"; sourceTree = "<group>"; };
		AC4D4C0E1E51F1730057CBBE /* UIView+SDAutoLayout.m */ = {isa = PBXFileReference; fileEncoding = 4; lastKnownFileType = sourcecode.c.objc; path = "UIView+SDAutoLayout.m"; sourceTree = "<group>"; };
		ACC121FD1E55D7D9003BFF09 /* GPStrategy.h */ = {isa = PBXFileReference; fileEncoding = 4; lastKnownFileType = sourcecode.c.h; path = GPStrategy.h; sourceTree = "<group>"; };
		ACC121FE1E55D7D9003BFF09 /* GPStrategy.m */ = {isa = PBXFileReference; fileEncoding = 4; lastKnownFileType = sourcecode.c.objc; path = GPStrategy.m; sourceTree = "<group>"; };
		ACC122001E55DCF6003BFF09 /* GPCashNormal.h */ = {isa = PBXFileReference; fileEncoding = 4; lastKnownFileType = sourcecode.c.h; path = GPCashNormal.h; sourceTree = "<group>"; };
		ACC122011E55DCF6003BFF09 /* GPCashNormal.m */ = {isa = PBXFileReference; fileEncoding = 4; lastKnownFileType = sourcecode.c.objc; path = GPCashNormal.m; sourceTree = "<group>"; };
		ACC122061E55DD21003BFF09 /* GPCashRebate.h */ = {isa = PBXFileReference; fileEncoding = 4; lastKnownFileType = sourcecode.c.h; path = GPCashRebate.h; sourceTree = "<group>"; };
		ACC122071E55DD21003BFF09 /* GPCashRebate.m */ = {isa = PBXFileReference; fileEncoding = 4; lastKnownFileType = sourcecode.c.objc; path = GPCashRebate.m; sourceTree = "<group>"; };
		ACC122091E55DD3B003BFF09 /* GPCashReturn.h */ = {isa = PBXFileReference; fileEncoding = 4; lastKnownFileType = sourcecode.c.h; path = GPCashReturn.h; sourceTree = "<group>"; };
		ACC1220A1E55DD3B003BFF09 /* GPCashReturn.m */ = {isa = PBXFileReference; fileEncoding = 4; lastKnownFileType = sourcecode.c.objc; path = GPCashReturn.m; sourceTree = "<group>"; };
		ACC1220C1E55E0BA003BFF09 /* GPCashContext.h */ = {isa = PBXFileReference; fileEncoding = 4; lastKnownFileType = sourcecode.c.h; path = GPCashContext.h; sourceTree = "<group>"; };
		ACC1220D1E55E0BA003BFF09 /* GPCashContext.m */ = {isa = PBXFileReference; fileEncoding = 4; lastKnownFileType = sourcecode.c.objc; path = GPCashContext.m; sourceTree = "<group>"; };
		ACC1220F1E55E681003BFF09 /* GPTwoViewController.h */ = {isa = PBXFileReference; fileEncoding = 4; lastKnownFileType = sourcecode.c.h; path = GPTwoViewController.h; sourceTree = "<group>"; };
		ACC122101E55E681003BFF09 /* GPTwoViewController.m */ = {isa = PBXFileReference; fileEncoding = 4; lastKnownFileType = sourcecode.c.objc; path = GPTwoViewController.m; sourceTree = "<group>"; };
		ACC122121E55E690003BFF09 /* GPTwoViewController.storyboard */ = {isa = PBXFileReference; fileEncoding = 4; lastKnownFileType = file.storyboard; path = GPTwoViewController.storyboard; sourceTree = "<group>"; };
		ACE415DD1E532F6200752695 /* GPOneViewController.h */ = {isa = PBXFileReference; fileEncoding = 4; lastKnownFileType = sourcecode.c.h; path = GPOneViewController.h; sourceTree = "<group>"; };
		ACE415DE1E532F6200752695 /* GPOneViewController.m */ = {isa = PBXFileReference; fileEncoding = 4; lastKnownFileType = sourcecode.c.objc; path = GPOneViewController.m; sourceTree = "<group>"; };
		ACE415E01E532F7D00752695 /* GPOneViewController.storyboard */ = {isa = PBXFileReference; fileEncoding = 4; lastKnownFileType = file.storyboard; path = GPOneViewController.storyboard; sourceTree = "<group>"; };
		ACE415E41E5331AC00752695 /* IQNSArray+Sort.h */ = {isa = PBXFileReference; fileEncoding = 4; lastKnownFileType = sourcecode.c.h; path = "IQNSArray+Sort.h"; sourceTree = "<group>"; };
		ACE415E51E5331AC00752695 /* IQNSArray+Sort.m */ = {isa = PBXFileReference; fileEncoding = 4; lastKnownFileType = sourcecode.c.objc; path = "IQNSArray+Sort.m"; sourceTree = "<group>"; };
		ACE415E61E5331AC00752695 /* IQUIScrollView+Additions.h */ = {isa = PBXFileReference; fileEncoding = 4; lastKnownFileType = sourcecode.c.h; path = "IQUIScrollView+Additions.h"; sourceTree = "<group>"; };
		ACE415E71E5331AC00752695 /* IQUIScrollView+Additions.m */ = {isa = PBXFileReference; fileEncoding = 4; lastKnownFileType = sourcecode.c.objc; path = "IQUIScrollView+Additions.m"; sourceTree = "<group>"; };
		ACE415E81E5331AC00752695 /* IQUITextFieldView+Additions.h */ = {isa = PBXFileReference; fileEncoding = 4; lastKnownFileType = sourcecode.c.h; path = "IQUITextFieldView+Additions.h"; sourceTree = "<group>"; };
		ACE415E91E5331AC00752695 /* IQUITextFieldView+Additions.m */ = {isa = PBXFileReference; fileEncoding = 4; lastKnownFileType = sourcecode.c.objc; path = "IQUITextFieldView+Additions.m"; sourceTree = "<group>"; };
		ACE415EA1E5331AC00752695 /* IQUIView+Hierarchy.h */ = {isa = PBXFileReference; fileEncoding = 4; lastKnownFileType = sourcecode.c.h; path = "IQUIView+Hierarchy.h"; sourceTree = "<group>"; };
		ACE415EB1E5331AC00752695 /* IQUIView+Hierarchy.m */ = {isa = PBXFileReference; fileEncoding = 4; lastKnownFileType = sourcecode.c.objc; path = "IQUIView+Hierarchy.m"; sourceTree = "<group>"; };
		ACE415EC1E5331AC00752695 /* IQUIViewController+Additions.h */ = {isa = PBXFileReference; fileEncoding = 4; lastKnownFileType = sourcecode.c.h; path = "IQUIViewController+Additions.h"; sourceTree = "<group>"; };
		ACE415ED1E5331AC00752695 /* IQUIViewController+Additions.m */ = {isa = PBXFileReference; fileEncoding = 4; lastKnownFileType = sourcecode.c.objc; path = "IQUIViewController+Additions.m"; sourceTree = "<group>"; };
		ACE415EE1E5331AC00752695 /* IQUIWindow+Hierarchy.h */ = {isa = PBXFileReference; fileEncoding = 4; lastKnownFileType = sourcecode.c.h; path = "IQUIWindow+Hierarchy.h"; sourceTree = "<group>"; };
		ACE415EF1E5331AC00752695 /* IQUIWindow+Hierarchy.m */ = {isa = PBXFileReference; fileEncoding = 4; lastKnownFileType = sourcecode.c.objc; path = "IQUIWindow+Hierarchy.m"; sourceTree = "<group>"; };
		ACE415F11E5331AC00752695 /* IQKeyboardManagerConstants.h */ = {isa = PBXFileReference; fileEncoding = 4; lastKnownFileType = sourcecode.c.h; path = IQKeyboardManagerConstants.h; sourceTree = "<group>"; };
		ACE415F21E5331AC00752695 /* IQKeyboardManagerConstantsInternal.h */ = {isa = PBXFileReference; fileEncoding = 4; lastKnownFileType = sourcecode.c.h; path = IQKeyboardManagerConstantsInternal.h; sourceTree = "<group>"; };
		ACE415F31E5331AC00752695 /* IQKeyboardManager.h */ = {isa = PBXFileReference; fileEncoding = 4; lastKnownFileType = sourcecode.c.h; path = IQKeyboardManager.h; sourceTree = "<group>"; };
		ACE415F41E5331AC00752695 /* IQKeyboardManager.m */ = {isa = PBXFileReference; fileEncoding = 4; lastKnownFileType = sourcecode.c.objc; path = IQKeyboardManager.m; sourceTree = "<group>"; };
		ACE415F51E5331AC00752695 /* IQKeyboardReturnKeyHandler.h */ = {isa = PBXFileReference; fileEncoding = 4; lastKnownFileType = sourcecode.c.h; path = IQKeyboardReturnKeyHandler.h; sourceTree = "<group>"; };
		ACE415F61E5331AC00752695 /* IQKeyboardReturnKeyHandler.m */ = {isa = PBXFileReference; fileEncoding = 4; lastKnownFileType = sourcecode.c.objc; path = IQKeyboardReturnKeyHandler.m; sourceTree = "<group>"; };
		ACE415F81E5331AC00752695 /* IQTextView.h */ = {isa = PBXFileReference; fileEncoding = 4; lastKnownFileType = sourcecode.c.h; path = IQTextView.h; sourceTree = "<group>"; };
		ACE415F91E5331AC00752695 /* IQTextView.m */ = {isa = PBXFileReference; fileEncoding = 4; lastKnownFileType = sourcecode.c.objc; path = IQTextView.m; sourceTree = "<group>"; };
		ACE415FB1E5331AC00752695 /* IQBarButtonItem.h */ = {isa = PBXFileReference; fileEncoding = 4; lastKnownFileType = sourcecode.c.h; path = IQBarButtonItem.h; sourceTree = "<group>"; };
		ACE415FC1E5331AC00752695 /* IQBarButtonItem.m */ = {isa = PBXFileReference; fileEncoding = 4; lastKnownFileType = sourcecode.c.objc; path = IQBarButtonItem.m; sourceTree = "<group>"; };
		ACE415FD1E5331AC00752695 /* IQPreviousNextView.h */ = {isa = PBXFileReference; fileEncoding = 4; lastKnownFileType = sourcecode.c.h; path = IQPreviousNextView.h; sourceTree = "<group>"; };
		ACE415FE1E5331AC00752695 /* IQPreviousNextView.m */ = {isa = PBXFileReference; fileEncoding = 4; lastKnownFileType = sourcecode.c.objc; path = IQPreviousNextView.m; sourceTree = "<group>"; };
		ACE415FF1E5331AC00752695 /* IQTitleBarButtonItem.h */ = {isa = PBXFileReference; fileEncoding = 4; lastKnownFileType = sourcecode.c.h; path = IQTitleBarButtonItem.h; sourceTree = "<group>"; };
		ACE416001E5331AC00752695 /* IQTitleBarButtonItem.m */ = {isa = PBXFileReference; fileEncoding = 4; lastKnownFileType = sourcecode.c.objc; path = IQTitleBarButtonItem.m; sourceTree = "<group>"; };
		ACE416011E5331AC00752695 /* IQToolbar.h */ = {isa = PBXFileReference; fileEncoding = 4; lastKnownFileType = sourcecode.c.h; path = IQToolbar.h; sourceTree = "<group>"; };
		ACE416021E5331AC00752695 /* IQToolbar.m */ = {isa = PBXFileReference; fileEncoding = 4; lastKnownFileType = sourcecode.c.objc; path = IQToolbar.m; sourceTree = "<group>"; };
		ACE416031E5331AC00752695 /* IQUIView+IQKeyboardToolbar.h */ = {isa = PBXFileReference; fileEncoding = 4; lastKnownFileType = sourcecode.c.h; path = "IQUIView+IQKeyboardToolbar.h"; sourceTree = "<group>"; };
		ACE416041E5331AC00752695 /* IQUIView+IQKeyboardToolbar.m */ = {isa = PBXFileReference; fileEncoding = 4; lastKnownFileType = sourcecode.c.objc; path = "IQUIView+IQKeyboardToolbar.m"; sourceTree = "<group>"; };
		ACE416061E5331AC00752695 /* IQKeyboardManager.bundle */ = {isa = PBXFileReference; lastKnownFileType = "wrapper.plug-in"; path = IQKeyboardManager.bundle; sourceTree = "<group>"; };
		ACE416171E533F3000752695 /* UIViewController+GPExtension.h */ = {isa = PBXFileReference; fileEncoding = 4; lastKnownFileType = sourcecode.c.h; path = "UIViewController+GPExtension.h"; sourceTree = "<group>"; };
		ACE416181E533F3000752695 /* UIViewController+GPExtension.m */ = {isa = PBXFileReference; fileEncoding = 4; lastKnownFileType = sourcecode.c.objc; path = "UIViewController+GPExtension.m"; sourceTree = "<group>"; };
/* End PBXFileReference section */

/* Begin PBXFrameworksBuildPhase section */
		AC4D4BAD1E51D94E0057CBBE /* Frameworks */ = {
			isa = PBXFrameworksBuildPhase;
			buildActionMask = 2147483647;
			files = (
			);
			runOnlyForDeploymentPostprocessing = 0;
		};
		AC4D4BC61E51D94E0057CBBE /* Frameworks */ = {
			isa = PBXFrameworksBuildPhase;
			buildActionMask = 2147483647;
			files = (
			);
			runOnlyForDeploymentPostprocessing = 0;
		};
		AC4D4BD11E51D94E0057CBBE /* Frameworks */ = {
			isa = PBXFrameworksBuildPhase;
			buildActionMask = 2147483647;
			files = (
			);
			runOnlyForDeploymentPostprocessing = 0;
		};
/* End PBXFrameworksBuildPhase section */

/* Begin PBXGroup section */
		AC0C49A11E5C654100F23D74 /* 04-代理模式 */ = {
			isa = PBXGroup;
			children = (
				AC0C49A21E5C6B3B00F23D74 /* GPGiveGift.h */,
				AC0C49A51E5C6BCC00F23D74 /* GPPursuit.h */,
				AC0C49A61E5C6BCC00F23D74 /* GPPursuit.m */,
				AC0C49A81E5C6CE400F23D74 /* GPProxy.h */,
				AC0C49A91E5C6CE400F23D74 /* GPProxy.m */,
				AC0C49AB1E5C6D6200F23D74 /* GPGirl.h */,
				AC0C49AC1E5C6D6200F23D74 /* GPGirl.m */,
				AC0C49AE1E5C6F4B00F23D74 /* GPFourViewController.h */,
				AC0C49AF1E5C6F4B00F23D74 /* GPFourViewController.m */,
				AC0C49B11E5C6F5500F23D74 /* GPFourViewController.storyboard */,
			);
			name = "04-代理模式";
			sourceTree = "<group>";
		};
		AC0C49B31E5C70A400F23D74 /* Base */ = {
			isa = PBXGroup;
			children = (
				AC0C49B41E5C70B400F23D74 /* GPBaseViewController.h */,
				AC0C49B51E5C70B400F23D74 /* GPBaseViewController.m */,
			);
			name = Base;
			sourceTree = "<group>";
		};
		AC1EA45D1E5D2E41002D3493 /* 05-工厂模式 */ = {
			isa = PBXGroup;
			children = (
			);
			name = "05-工厂模式";
			sourceTree = "<group>";
		};
		AC4D4BA71E51D94D0057CBBE = {
			isa = PBXGroup;
			children = (
				AC4D4BB21E51D94E0057CBBE /* GPDesignMode */,
				AC4D4BCC1E51D94E0057CBBE /* GPDesignModeTests */,
				AC4D4BD71E51D94E0057CBBE /* GPDesignModeUITests */,
				AC4D4BB11E51D94E0057CBBE /* Products */,
			);
			sourceTree = "<group>";
		};
		AC4D4BB11E51D94E0057CBBE /* Products */ = {
			isa = PBXGroup;
			children = (
				AC4D4BB01E51D94E0057CBBE /* GPDesignMode.app */,
				AC4D4BC91E51D94E0057CBBE /* GPDesignModeTests.xctest */,
				AC4D4BD41E51D94E0057CBBE /* GPDesignModeUITests.xctest */,
			);
			name = Products;
			sourceTree = "<group>";
		};
		AC4D4BB21E51D94E0057CBBE /* GPDesignMode */ = {
			isa = PBXGroup;
			children = (
				AC0C49B31E5C70A400F23D74 /* Base */,
				AC4D4BE61E51D9C90057CBBE /* 01-简单工厂模式 */,
				ACE4161A1E53430200752695 /* 02-策略模式 */,
				ACB7563C1E5AF5D30080C757 /* 03-装饰模式 */,
				AC0C49A11E5C654100F23D74 /* 04-代理模式 */,
				AC1EA45D1E5D2E41002D3493 /* 05-工厂模式 */,
				AC4D4BB61E51D94E0057CBBE /* AppDelegate.h */,
				AC4D4BB71E51D94E0057CBBE /* AppDelegate.m */,
				AC4D4BB91E51D94E0057CBBE /* ViewController.h */,
				AC4D4BBA1E51D94E0057CBBE /* ViewController.m */,
				AC4D4BBC1E51D94E0057CBBE /* Main.storyboard */,
				AC4D4BBF1E51D94E0057CBBE /* Assets.xcassets */,
				AC4D4BC11E51D94E0057CBBE /* LaunchScreen.storyboard */,
				AC4D4BC41E51D94E0057CBBE /* Info.plist */,
				AC4D4BB31E51D94E0057CBBE /* Supporting Files */,
			);
			path = GPDesignMode;
			sourceTree = "<group>";
		};
		AC4D4BB31E51D94E0057CBBE /* Supporting Files */ = {
			isa = PBXGroup;
			children = (
				ACE416161E533B3000752695 /* Category */,
				ACE415E21E5331AC00752695 /* IQKeyboardManager */,
				AC4D4C091E51F1730057CBBE /* SDAutoLayout */,
				AC4D4BF41E51EA7B0057CBBE /* SVProgressHUD */,
				AC4D4BE71E51E2430057CBBE /* PrefixHeader.pch */,
				AC4D4BB41E51D94E0057CBBE /* main.m */,
			);
			name = "Supporting Files";
			sourceTree = "<group>";
		};
		AC4D4BCC1E51D94E0057CBBE /* GPDesignModeTests */ = {
			isa = PBXGroup;
			children = (
				AC4D4BCD1E51D94E0057CBBE /* GPDesignModeTests.m */,
				AC4D4BCF1E51D94E0057CBBE /* Info.plist */,
			);
			path = GPDesignModeTests;
			sourceTree = "<group>";
		};
		AC4D4BD71E51D94E0057CBBE /* GPDesignModeUITests */ = {
			isa = PBXGroup;
			children = (
				AC4D4BD81E51D94E0057CBBE /* GPDesignModeUITests.m */,
				AC4D4BDA1E51D94E0057CBBE /* Info.plist */,
			);
			path = GPDesignModeUITests;
			sourceTree = "<group>";
		};
		AC4D4BE61E51D9C90057CBBE /* 01-简单工厂模式 */ = {
			isa = PBXGroup;
			children = (
				AC4D4BE81E51E49B0057CBBE /* GPOperation.h */,
				AC4D4BE91E51E49C0057CBBE /* GPOperation.m */,
				AC4D4BEB1E51E8EE0057CBBE /* GPOperationAdd.h */,
				AC4D4BEC1E51E8EE0057CBBE /* GPOperationAdd.m */,
				AC4D4BEE1E51E95A0057CBBE /* GPOperationSub.h */,
				AC4D4BEF1E51E95A0057CBBE /* GPOperationSub.m */,
				AC4D4BF11E51E9A30057CBBE /* GPOperationMul.h */,
				AC4D4BF21E51E9A30057CBBE /* GPOperationMul.m */,
				AC4D4C031E51EB880057CBBE /* GPOperAtionDiv.h */,
				AC4D4C041E51EB880057CBBE /* GPOperAtionDiv.m */,
				AC4D4C061E51ED860057CBBE /* GPOperationFactory.h */,
				AC4D4C071E51ED860057CBBE /* GPOperationFactory.m */,
				ACE415DD1E532F6200752695 /* GPOneViewController.h */,
				ACE415DE1E532F6200752695 /* GPOneViewController.m */,
				ACE415E01E532F7D00752695 /* GPOneViewController.storyboard */,
			);
			name = "01-简单工厂模式";
			sourceTree = "<group>";
		};
		AC4D4BF41E51EA7B0057CBBE /* SVProgressHUD */ = {
			isa = PBXGroup;
			children = (
				AC4D4BF51E51EA7B0057CBBE /* SVIndefiniteAnimatedView.h */,
				AC4D4BF61E51EA7B0057CBBE /* SVIndefiniteAnimatedView.m */,
				AC4D4BF71E51EA7B0057CBBE /* SVProgressAnimatedView.h */,
				AC4D4BF81E51EA7B0057CBBE /* SVProgressAnimatedView.m */,
				AC4D4BF91E51EA7B0057CBBE /* SVProgressHUD.bundle */,
				AC4D4BFA1E51EA7B0057CBBE /* SVProgressHUD.h */,
				AC4D4BFB1E51EA7B0057CBBE /* SVProgressHUD.m */,
				AC4D4BFC1E51EA7B0057CBBE /* SVRadialGradientLayer.h */,
				AC4D4BFD1E51EA7B0057CBBE /* SVRadialGradientLayer.m */,
			);
			path = SVProgressHUD;
			sourceTree = "<group>";
		};
		AC4D4C091E51F1730057CBBE /* SDAutoLayout */ = {
			isa = PBXGroup;
			children = (
				AC4D4C0A1E51F1730057CBBE /* SDAutoLayout.h */,
				AC4D4C0B1E51F1730057CBBE /* UITableView+SDAutoTableViewCellHeight.h */,
				AC4D4C0C1E51F1730057CBBE /* UITableView+SDAutoTableViewCellHeight.m */,
				AC4D4C0D1E51F1730057CBBE /* UIView+SDAutoLayout.h */,
				AC4D4C0E1E51F1730057CBBE /* UIView+SDAutoLayout.m */,
			);
			name = SDAutoLayout;
			path = SVProgressHUD/SDAutoLayout;
			sourceTree = "<group>";
		};
		ACB7563C1E5AF5D30080C757 /* 03-装饰模式 */ = {
			isa = PBXGroup;
			children = (
				AC0C49541E5B17B000F23D74 /* GPPerson.h */,
				AC0C49551E5B17B000F23D74 /* GPPerson.m */,
				AC0C49571E5B1B8E00F23D74 /* GPFinery.h */,
				AC0C49581E5B1B8E00F23D74 /* GPFinery.m */,
				AC0C495A1E5B1E3200F23D74 /* GPTShirts.h */,
				AC0C495B1E5B1E3200F23D74 /* GPTShirts.m */,
				AC0C495D1E5B1EA400F23D74 /* GPBigTrouser.h */,
				AC0C495E1E5B1EA400F23D74 /* GPBigTrouser.m */,
				AC0C49601E5B1ED700F23D74 /* GPSneakers.h */,
				AC0C49611E5B1ED700F23D74 /* GPSneakers.m */,
				AC0C49631E5B1F2800F23D74 /* GPThreeViewController.h */,
				AC0C49641E5B1F2800F23D74 /* GPThreeViewController.m */,
				AC0C49661E5B1F3500F23D74 /* GPThreeViewController.storyboard */,
			);
			name = "03-装饰模式";
			sourceTree = "<group>";
		};
		ACE415E21E5331AC00752695 /* IQKeyboardManager */ = {
			isa = PBXGroup;
			children = (
				ACE415E31E5331AC00752695 /* Categories */,
				ACE415F01E5331AC00752695 /* Constants */,
				ACE415F31E5331AC00752695 /* IQKeyboardManager.h */,
				ACE415F41E5331AC00752695 /* IQKeyboardManager.m */,
				ACE415F51E5331AC00752695 /* IQKeyboardReturnKeyHandler.h */,
				ACE415F61E5331AC00752695 /* IQKeyboardReturnKeyHandler.m */,
				ACE415F71E5331AC00752695 /* IQTextView */,
				ACE415FA1E5331AC00752695 /* IQToolbar */,
				ACE416051E5331AC00752695 /* Resources */,
			);
			path = IQKeyboardManager;
			sourceTree = "<group>";
		};
		ACE415E31E5331AC00752695 /* Categories */ = {
			isa = PBXGroup;
			children = (
				ACE415E41E5331AC00752695 /* IQNSArray+Sort.h */,
				ACE415E51E5331AC00752695 /* IQNSArray+Sort.m */,
				ACE415E61E5331AC00752695 /* IQUIScrollView+Additions.h */,
				ACE415E71E5331AC00752695 /* IQUIScrollView+Additions.m */,
				ACE415E81E5331AC00752695 /* IQUITextFieldView+Additions.h */,
				ACE415E91E5331AC00752695 /* IQUITextFieldView+Additions.m */,
				ACE415EA1E5331AC00752695 /* IQUIView+Hierarchy.h */,
				ACE415EB1E5331AC00752695 /* IQUIView+Hierarchy.m */,
				ACE415EC1E5331AC00752695 /* IQUIViewController+Additions.h */,
				ACE415ED1E5331AC00752695 /* IQUIViewController+Additions.m */,
				ACE415EE1E5331AC00752695 /* IQUIWindow+Hierarchy.h */,
				ACE415EF1E5331AC00752695 /* IQUIWindow+Hierarchy.m */,
			);
			path = Categories;
			sourceTree = "<group>";
		};
		ACE415F01E5331AC00752695 /* Constants */ = {
			isa = PBXGroup;
			children = (
				ACE415F11E5331AC00752695 /* IQKeyboardManagerConstants.h */,
				ACE415F21E5331AC00752695 /* IQKeyboardManagerConstantsInternal.h */,
			);
			path = Constants;
			sourceTree = "<group>";
		};
		ACE415F71E5331AC00752695 /* IQTextView */ = {
			isa = PBXGroup;
			children = (
				ACE415F81E5331AC00752695 /* IQTextView.h */,
				ACE415F91E5331AC00752695 /* IQTextView.m */,
			);
			path = IQTextView;
			sourceTree = "<group>";
		};
		ACE415FA1E5331AC00752695 /* IQToolbar */ = {
			isa = PBXGroup;
			children = (
				ACE415FB1E5331AC00752695 /* IQBarButtonItem.h */,
				ACE415FC1E5331AC00752695 /* IQBarButtonItem.m */,
				ACE415FD1E5331AC00752695 /* IQPreviousNextView.h */,
				ACE415FE1E5331AC00752695 /* IQPreviousNextView.m */,
				ACE415FF1E5331AC00752695 /* IQTitleBarButtonItem.h */,
				ACE416001E5331AC00752695 /* IQTitleBarButtonItem.m */,
				ACE416011E5331AC00752695 /* IQToolbar.h */,
				ACE416021E5331AC00752695 /* IQToolbar.m */,
				ACE416031E5331AC00752695 /* IQUIView+IQKeyboardToolbar.h */,
				ACE416041E5331AC00752695 /* IQUIView+IQKeyboardToolbar.m */,
			);
			path = IQToolbar;
			sourceTree = "<group>";
		};
		ACE416051E5331AC00752695 /* Resources */ = {
			isa = PBXGroup;
			children = (
				ACE416061E5331AC00752695 /* IQKeyboardManager.bundle */,
			);
			path = Resources;
			sourceTree = "<group>";
		};
		ACE416161E533B3000752695 /* Category */ = {
			isa = PBXGroup;
			children = (
				ACE416171E533F3000752695 /* UIViewController+GPExtension.h */,
				ACE416181E533F3000752695 /* UIViewController+GPExtension.m */,
			);
			name = Category;
			sourceTree = "<group>";
		};
		ACE4161A1E53430200752695 /* 02-策略模式 */ = {
			isa = PBXGroup;
			children = (
				ACC121FD1E55D7D9003BFF09 /* GPStrategy.h */,
				ACC121FE1E55D7D9003BFF09 /* GPStrategy.m */,
				ACC122001E55DCF6003BFF09 /* GPCashNormal.h */,
				ACC122011E55DCF6003BFF09 /* GPCashNormal.m */,
				ACC122061E55DD21003BFF09 /* GPCashRebate.h */,
				ACC122071E55DD21003BFF09 /* GPCashRebate.m */,
				ACC122091E55DD3B003BFF09 /* GPCashReturn.h */,
				ACC1220A1E55DD3B003BFF09 /* GPCashReturn.m */,
				ACC1220C1E55E0BA003BFF09 /* GPCashContext.h */,
				ACC1220D1E55E0BA003BFF09 /* GPCashContext.m */,
				ACC1220F1E55E681003BFF09 /* GPTwoViewController.h */,
				ACC122101E55E681003BFF09 /* GPTwoViewController.m */,
				ACC122121E55E690003BFF09 /* GPTwoViewController.storyboard */,
			);
			name = "02-策略模式";
			sourceTree = "<group>";
		};
/* End PBXGroup section */

/* Begin PBXNativeTarget section */
		AC4D4BAF1E51D94E0057CBBE /* GPDesignMode */ = {
			isa = PBXNativeTarget;
			buildConfigurationList = AC4D4BDD1E51D94E0057CBBE /* Build configuration list for PBXNativeTarget "GPDesignMode" */;
			buildPhases = (
				AC4D4BAC1E51D94E0057CBBE /* Sources */,
				AC4D4BAD1E51D94E0057CBBE /* Frameworks */,
				AC4D4BAE1E51D94E0057CBBE /* Resources */,
			);
			buildRules = (
			);
			dependencies = (
			);
			name = GPDesignMode;
			productName = GPDesignMode;
			productReference = AC4D4BB01E51D94E0057CBBE /* GPDesignMode.app */;
			productType = "com.apple.product-type.application";
		};
		AC4D4BC81E51D94E0057CBBE /* GPDesignModeTests */ = {
			isa = PBXNativeTarget;
			buildConfigurationList = AC4D4BE01E51D94E0057CBBE /* Build configuration list for PBXNativeTarget "GPDesignModeTests" */;
			buildPhases = (
				AC4D4BC51E51D94E0057CBBE /* Sources */,
				AC4D4BC61E51D94E0057CBBE /* Frameworks */,
				AC4D4BC71E51D94E0057CBBE /* Resources */,
			);
			buildRules = (
			);
			dependencies = (
				AC4D4BCB1E51D94E0057CBBE /* PBXTargetDependency */,
			);
			name = GPDesignModeTests;
			productName = GPDesignModeTests;
			productReference = AC4D4BC91E51D94E0057CBBE /* GPDesignModeTests.xctest */;
			productType = "com.apple.product-type.bundle.unit-test";
		};
		AC4D4BD31E51D94E0057CBBE /* GPDesignModeUITests */ = {
			isa = PBXNativeTarget;
			buildConfigurationList = AC4D4BE31E51D94E0057CBBE /* Build configuration list for PBXNativeTarget "GPDesignModeUITests" */;
			buildPhases = (
				AC4D4BD01E51D94E0057CBBE /* Sources */,
				AC4D4BD11E51D94E0057CBBE /* Frameworks */,
				AC4D4BD21E51D94E0057CBBE /* Resources */,
			);
			buildRules = (
			);
			dependencies = (
				AC4D4BD61E51D94E0057CBBE /* PBXTargetDependency */,
			);
			name = GPDesignModeUITests;
			productName = GPDesignModeUITests;
			productReference = AC4D4BD41E51D94E0057CBBE /* GPDesignModeUITests.xctest */;
			productType = "com.apple.product-type.bundle.ui-testing";
		};
/* End PBXNativeTarget section */

/* Begin PBXProject section */
		AC4D4BA81E51D94D0057CBBE /* Project object */ = {
			isa = PBXProject;
			attributes = {
				CLASSPREFIX = GP;
				LastUpgradeCheck = 0820;
				ORGANIZATIONNAME = dandan;
				TargetAttributes = {
					AC4D4BAF1E51D94E0057CBBE = {
						CreatedOnToolsVersion = 8.2.1;
						ProvisioningStyle = Automatic;
					};
					AC4D4BC81E51D94E0057CBBE = {
						CreatedOnToolsVersion = 8.2.1;
						ProvisioningStyle = Automatic;
						TestTargetID = AC4D4BAF1E51D94E0057CBBE;
					};
					AC4D4BD31E51D94E0057CBBE = {
						CreatedOnToolsVersion = 8.2.1;
						ProvisioningStyle = Automatic;
						TestTargetID = AC4D4BAF1E51D94E0057CBBE;
					};
				};
			};
			buildConfigurationList = AC4D4BAB1E51D94D0057CBBE /* Build configuration list for PBXProject "GPDesignMode" */;
			compatibilityVersion = "Xcode 3.2";
			developmentRegion = English;
			hasScannedForEncodings = 0;
			knownRegions = (
				en,
				Base,
			);
			mainGroup = AC4D4BA71E51D94D0057CBBE;
			productRefGroup = AC4D4BB11E51D94E0057CBBE /* Products */;
			projectDirPath = "";
			projectRoot = "";
			targets = (
				AC4D4BAF1E51D94E0057CBBE /* GPDesignMode */,
				AC4D4BC81E51D94E0057CBBE /* GPDesignModeTests */,
				AC4D4BD31E51D94E0057CBBE /* GPDesignModeUITests */,
			);
		};
/* End PBXProject section */

/* Begin PBXResourcesBuildPhase section */
		AC4D4BAE1E51D94E0057CBBE /* Resources */ = {
			isa = PBXResourcesBuildPhase;
			buildActionMask = 2147483647;
			files = (
				ACE415E11E532F7D00752695 /* GPOneViewController.storyboard in Resources */,
				AC4D4BC31E51D94E0057CBBE /* LaunchScreen.storyboard in Resources */,
				AC0C49671E5B1F3500F23D74 /* GPThreeViewController.storyboard in Resources */,
				ACE416151E5331AD00752695 /* IQKeyboardManager.bundle in Resources */,
				AC4D4BC01E51D94E0057CBBE /* Assets.xcassets in Resources */,
				AC4D4BBE1E51D94E0057CBBE /* Main.storyboard in Resources */,
				ACC122131E55E690003BFF09 /* GPTwoViewController.storyboard in Resources */,
				AC0C49B21E5C6F5500F23D74 /* GPFourViewController.storyboard in Resources */,
				AC4D4C001E51EA7B0057CBBE /* SVProgressHUD.bundle in Resources */,
			);
			runOnlyForDeploymentPostprocessing = 0;
		};
		AC4D4BC71E51D94E0057CBBE /* Resources */ = {
			isa = PBXResourcesBuildPhase;
			buildActionMask = 2147483647;
			files = (
			);
			runOnlyForDeploymentPostprocessing = 0;
		};
		AC4D4BD21E51D94E0057CBBE /* Resources */ = {
			isa = PBXResourcesBuildPhase;
			buildActionMask = 2147483647;
			files = (
			);
			runOnlyForDeploymentPostprocessing = 0;
		};
/* End PBXResourcesBuildPhase section */

/* Begin PBXSourcesBuildPhase section */
		AC4D4BAC1E51D94E0057CBBE /* Sources */ = {
			isa = PBXSourcesBuildPhase;
			buildActionMask = 2147483647;
			files = (
				ACE416091E5331AC00752695 /* IQUITextFieldView+Additions.m in Sources */,
				ACE416141E5331AD00752695 /* IQUIView+IQKeyboardToolbar.m in Sources */,
				AC0C49AD1E5C6D6200F23D74 /* GPGirl.m in Sources */,
				ACE416121E5331AD00752695 /* IQTitleBarButtonItem.m in Sources */,
				ACE4160E1E5331AD00752695 /* IQKeyboardReturnKeyHandler.m in Sources */,
				AC0C49621E5B1ED700F23D74 /* GPSneakers.m in Sources */,
				AC4D4C0F1E51F1730057CBBE /* UITableView+SDAutoTableViewCellHeight.m in Sources */,
				ACE416081E5331AC00752695 /* IQUIScrollView+Additions.m in Sources */,
				ACC122081E55DD21003BFF09 /* GPCashRebate.m in Sources */,
				ACE416131E5331AD00752695 /* IQToolbar.m in Sources */,
				AC0C49591E5B1B8E00F23D74 /* GPFinery.m in Sources */,
				ACE4160C1E5331AD00752695 /* IQUIWindow+Hierarchy.m in Sources */,
				AC4D4BEA1E51E49C0057CBBE /* GPOperation.m in Sources */,
				ACC122021E55DCF6003BFF09 /* GPCashNormal.m in Sources */,
				ACE4160A1E5331AC00752695 /* IQUIView+Hierarchy.m in Sources */,
				AC4D4BBB1E51D94E0057CBBE /* ViewController.m in Sources */,
				ACE416111E5331AD00752695 /* IQPreviousNextView.m in Sources */,
				AC4D4C051E51EB880057CBBE /* GPOperAtionDiv.m in Sources */,
				AC0C49B61E5C70B400F23D74 /* GPBaseViewController.m in Sources */,
				AC0C49A71E5C6BCC00F23D74 /* GPPursuit.m in Sources */,
				ACE416071E5331AC00752695 /* IQNSArray+Sort.m in Sources */,
				AC4D4BED1E51E8EE0057CBBE /* GPOperationAdd.m in Sources */,
				AC0C495F1E5B1EA400F23D74 /* GPBigTrouser.m in Sources */,
				AC4D4BFE1E51EA7B0057CBBE /* SVIndefiniteAnimatedView.m in Sources */,
				ACE4160D1E5331AD00752695 /* IQKeyboardManager.m in Sources */,
				ACC121FF1E55D7D9003BFF09 /* GPStrategy.m in Sources */,
				AC4D4BB81E51D94E0057CBBE /* AppDelegate.m in Sources */,
				AC0C49561E5B17B000F23D74 /* GPPerson.m in Sources */,
				AC0C49AA1E5C6CE400F23D74 /* GPProxy.m in Sources */,
				AC4D4BFF1E51EA7B0057CBBE /* SVProgressAnimatedView.m in Sources */,
				AC0C49B01E5C6F4B00F23D74 /* GPFourViewController.m in Sources */,
				ACE415DF1E532F6200752695 /* GPOneViewController.m in Sources */,
				AC4D4BB51E51D94E0057CBBE /* main.m in Sources */,
				AC4D4C011E51EA7B0057CBBE /* SVProgressHUD.m in Sources */,
				ACE4160F1E5331AD00752695 /* IQTextView.m in Sources */,
				AC4D4BF01E51E95A0057CBBE /* GPOperationSub.m in Sources */,
				AC0C49651E5B1F2800F23D74 /* GPThreeViewController.m in Sources */,
				ACC1220B1E55DD3B003BFF09 /* GPCashReturn.m in Sources */,
				ACE416101E5331AD00752695 /* IQBarButtonItem.m in Sources */,
				ACC1220E1E55E0BA003BFF09 /* GPCashContext.m in Sources */,
				ACC122111E55E681003BFF09 /* GPTwoViewController.m in Sources */,
				ACE4160B1E5331AC00752695 /* IQUIViewController+Additions.m in Sources */,
				AC4D4BF31E51E9A30057CBBE /* GPOperationMul.m in Sources */,
				AC4D4C021E51EA7B0057CBBE /* SVRadialGradientLayer.m in Sources */,
				AC4D4C081E51ED860057CBBE /* GPOperationFactory.m in Sources */,
				ACE416191E533F3000752695 /* UIViewController+GPExtension.m in Sources */,
				AC0C495C1E5B1E3200F23D74 /* GPTShirts.m in Sources */,
				AC4D4C101E51F1730057CBBE /* UIView+SDAutoLayout.m in Sources */,
			);
			runOnlyForDeploymentPostprocessing = 0;
		};
		AC4D4BC51E51D94E0057CBBE /* Sources */ = {
			isa = PBXSourcesBuildPhase;
			buildActionMask = 2147483647;
			files = (
				AC4D4BCE1E51D94E0057CBBE /* GPDesignModeTests.m in Sources */,
			);
			runOnlyForDeploymentPostprocessing = 0;
		};
		AC4D4BD01E51D94E0057CBBE /* Sources */ = {
			isa = PBXSourcesBuildPhase;
			buildActionMask = 2147483647;
			files = (
				AC4D4BD91E51D94E0057CBBE /* GPDesignModeUITests.m in Sources */,
			);
			runOnlyForDeploymentPostprocessing = 0;
		};
/* End PBXSourcesBuildPhase section */

/* Begin PBXTargetDependency section */
		AC4D4BCB1E51D94E0057CBBE /* PBXTargetDependency */ = {
			isa = PBXTargetDependency;
			target = AC4D4BAF1E51D94E0057CBBE /* GPDesignMode */;
			targetProxy = AC4D4BCA1E51D94E0057CBBE /* PBXContainerItemProxy */;
		};
		AC4D4BD61E51D94E0057CBBE /* PBXTargetDependency */ = {
			isa = PBXTargetDependency;
			target = AC4D4BAF1E51D94E0057CBBE /* GPDesignMode */;
			targetProxy = AC4D4BD51E51D94E0057CBBE /* PBXContainerItemProxy */;
		};
/* End PBXTargetDependency section */

/* Begin PBXVariantGroup section */
		AC4D4BBC1E51D94E0057CBBE /* Main.storyboard */ = {
			isa = PBXVariantGroup;
			children = (
				AC4D4BBD1E51D94E0057CBBE /* Base */,
			);
			name = Main.storyboard;
			sourceTree = "<group>";
		};
		AC4D4BC11E51D94E0057CBBE /* LaunchScreen.storyboard */ = {
			isa = PBXVariantGroup;
			children = (
				AC4D4BC21E51D94E0057CBBE /* Base */,
			);
			name = LaunchScreen.storyboard;
			sourceTree = "<group>";
		};
/* End PBXVariantGroup section */

/* Begin XCBuildConfiguration section */
		AC4D4BDB1E51D94E0057CBBE /* Debug */ = {
			isa = XCBuildConfiguration;
			buildSettings = {
				ALWAYS_SEARCH_USER_PATHS = NO;
				CLANG_ANALYZER_NONNULL = YES;
				CLANG_CXX_LANGUAGE_STANDARD = "gnu++0x";
				CLANG_CXX_LIBRARY = "libc++";
				CLANG_ENABLE_MODULES = YES;
				CLANG_ENABLE_OBJC_ARC = YES;
				CLANG_WARN_BOOL_CONVERSION = YES;
				CLANG_WARN_CONSTANT_CONVERSION = YES;
				CLANG_WARN_DIRECT_OBJC_ISA_USAGE = YES_ERROR;
				CLANG_WARN_DOCUMENTATION_COMMENTS = YES;
				CLANG_WARN_EMPTY_BODY = YES;
				CLANG_WARN_ENUM_CONVERSION = YES;
				CLANG_WARN_INFINITE_RECURSION = YES;
				CLANG_WARN_INT_CONVERSION = YES;
				CLANG_WARN_OBJC_ROOT_CLASS = YES_ERROR;
				CLANG_WARN_SUSPICIOUS_MOVE = YES;
				CLANG_WARN_UNREACHABLE_CODE = YES;
				CLANG_WARN__DUPLICATE_METHOD_MATCH = YES;
				"CODE_SIGN_IDENTITY[sdk=iphoneos*]" = "iPhone Developer";
				COPY_PHASE_STRIP = NO;
				DEBUG_INFORMATION_FORMAT = dwarf;
				ENABLE_STRICT_OBJC_MSGSEND = YES;
				ENABLE_TESTABILITY = YES;
				GCC_C_LANGUAGE_STANDARD = gnu99;
				GCC_DYNAMIC_NO_PIC = NO;
				GCC_NO_COMMON_BLOCKS = YES;
				GCC_OPTIMIZATION_LEVEL = 0;
				GCC_PREPROCESSOR_DEFINITIONS = (
					"DEBUG=1",
					"$(inherited)",
				);
				GCC_WARN_64_TO_32_BIT_CONVERSION = YES;
				GCC_WARN_ABOUT_RETURN_TYPE = YES_ERROR;
				GCC_WARN_UNDECLARED_SELECTOR = YES;
				GCC_WARN_UNINITIALIZED_AUTOS = YES_AGGRESSIVE;
				GCC_WARN_UNUSED_FUNCTION = YES;
				GCC_WARN_UNUSED_VARIABLE = YES;
				IPHONEOS_DEPLOYMENT_TARGET = 10.2;
				MTL_ENABLE_DEBUG_INFO = YES;
				ONLY_ACTIVE_ARCH = YES;
				SDKROOT = iphoneos;
				TARGETED_DEVICE_FAMILY = "1,2";
			};
			name = Debug;
		};
		AC4D4BDC1E51D94E0057CBBE /* Release */ = {
			isa = XCBuildConfiguration;
			buildSettings = {
				ALWAYS_SEARCH_USER_PATHS = NO;
				CLANG_ANALYZER_NONNULL = YES;
				CLANG_CXX_LANGUAGE_STANDARD = "gnu++0x";
				CLANG_CXX_LIBRARY = "libc++";
				CLANG_ENABLE_MODULES = YES;
				CLANG_ENABLE_OBJC_ARC = YES;
				CLANG_WARN_BOOL_CONVERSION = YES;
				CLANG_WARN_CONSTANT_CONVERSION = YES;
				CLANG_WARN_DIRECT_OBJC_ISA_USAGE = YES_ERROR;
				CLANG_WARN_DOCUMENTATION_COMMENTS = YES;
				CLANG_WARN_EMPTY_BODY = YES;
				CLANG_WARN_ENUM_CONVERSION = YES;
				CLANG_WARN_INFINITE_RECURSION = YES;
				CLANG_WARN_INT_CONVERSION = YES;
				CLANG_WARN_OBJC_ROOT_CLASS = YES_ERROR;
				CLANG_WARN_SUSPICIOUS_MOVE = YES;
				CLANG_WARN_UNREACHABLE_CODE = YES;
				CLANG_WARN__DUPLICATE_METHOD_MATCH = YES;
				"CODE_SIGN_IDENTITY[sdk=iphoneos*]" = "iPhone Developer";
				COPY_PHASE_STRIP = NO;
				DEBUG_INFORMATION_FORMAT = "dwarf-with-dsym";
				ENABLE_NS_ASSERTIONS = NO;
				ENABLE_STRICT_OBJC_MSGSEND = YES;
				GCC_C_LANGUAGE_STANDARD = gnu99;
				GCC_NO_COMMON_BLOCKS = YES;
				GCC_WARN_64_TO_32_BIT_CONVERSION = YES;
				GCC_WARN_ABOUT_RETURN_TYPE = YES_ERROR;
				GCC_WARN_UNDECLARED_SELECTOR = YES;
				GCC_WARN_UNINITIALIZED_AUTOS = YES_AGGRESSIVE;
				GCC_WARN_UNUSED_FUNCTION = YES;
				GCC_WARN_UNUSED_VARIABLE = YES;
				IPHONEOS_DEPLOYMENT_TARGET = 10.2;
				MTL_ENABLE_DEBUG_INFO = NO;
				SDKROOT = iphoneos;
				TARGETED_DEVICE_FAMILY = "1,2";
				VALIDATE_PRODUCT = YES;
			};
			name = Release;
		};
		AC4D4BDE1E51D94E0057CBBE /* Debug */ = {
			isa = XCBuildConfiguration;
			buildSettings = {
				ASSETCATALOG_COMPILER_APPICON_NAME = AppIcon;
				GCC_PRECOMPILE_PREFIX_HEADER = YES;
				GCC_PREFIX_HEADER = PrefixHeader.pch;
				INFOPLIST_FILE = GPDesignMode/Info.plist;
				LD_RUNPATH_SEARCH_PATHS = "$(inherited) @executable_path/Frameworks";
				PRODUCT_BUNDLE_IDENTIFIER = GPYY.com.GPDesignMode;
				PRODUCT_NAME = "$(TARGET_NAME)";
			};
			name = Debug;
		};
		AC4D4BDF1E51D94E0057CBBE /* Release */ = {
			isa = XCBuildConfiguration;
			buildSettings = {
				ASSETCATALOG_COMPILER_APPICON_NAME = AppIcon;
				GCC_PRECOMPILE_PREFIX_HEADER = YES;
				GCC_PREFIX_HEADER = PrefixHeader.pch;
				INFOPLIST_FILE = GPDesignMode/Info.plist;
				LD_RUNPATH_SEARCH_PATHS = "$(inherited) @executable_path/Frameworks";
				PRODUCT_BUNDLE_IDENTIFIER = GPYY.com.GPDesignMode;
				PRODUCT_NAME = "$(TARGET_NAME)";
			};
			name = Release;
		};
		AC4D4BE11E51D94E0057CBBE /* Debug */ = {
			isa = XCBuildConfiguration;
			buildSettings = {
				BUNDLE_LOADER = "$(TEST_HOST)";
				INFOPLIST_FILE = GPDesignModeTests/Info.plist;
				LD_RUNPATH_SEARCH_PATHS = "$(inherited) @executable_path/Frameworks @loader_path/Frameworks";
				PRODUCT_BUNDLE_IDENTIFIER = GPYY.com.GPDesignModeTests;
				PRODUCT_NAME = "$(TARGET_NAME)";
				TEST_HOST = "$(BUILT_PRODUCTS_DIR)/GPDesignMode.app/GPDesignMode";
			};
			name = Debug;
		};
		AC4D4BE21E51D94E0057CBBE /* Release */ = {
			isa = XCBuildConfiguration;
			buildSettings = {
				BUNDLE_LOADER = "$(TEST_HOST)";
				INFOPLIST_FILE = GPDesignModeTests/Info.plist;
				LD_RUNPATH_SEARCH_PATHS = "$(inherited) @executable_path/Frameworks @loader_path/Frameworks";
				PRODUCT_BUNDLE_IDENTIFIER = GPYY.com.GPDesignModeTests;
				PRODUCT_NAME = "$(TARGET_NAME)";
				TEST_HOST = "$(BUILT_PRODUCTS_DIR)/GPDesignMode.app/GPDesignMode";
			};
			name = Release;
		};
		AC4D4BE41E51D94E0057CBBE /* Debug */ = {
			isa = XCBuildConfiguration;
			buildSettings = {
				INFOPLIST_FILE = GPDesignModeUITests/Info.plist;
				LD_RUNPATH_SEARCH_PATHS = "$(inherited) @executable_path/Frameworks @loader_path/Frameworks";
				PRODUCT_BUNDLE_IDENTIFIER = GPYY.com.GPDesignModeUITests;
				PRODUCT_NAME = "$(TARGET_NAME)";
				TEST_TARGET_NAME = GPDesignMode;
			};
			name = Debug;
		};
		AC4D4BE51E51D94E0057CBBE /* Release */ = {
			isa = XCBuildConfiguration;
			buildSettings = {
				INFOPLIST_FILE = GPDesignModeUITests/Info.plist;
				LD_RUNPATH_SEARCH_PATHS = "$(inherited) @executable_path/Frameworks @loader_path/Frameworks";
				PRODUCT_BUNDLE_IDENTIFIER = GPYY.com.GPDesignModeUITests;
				PRODUCT_NAME = "$(TARGET_NAME)";
				TEST_TARGET_NAME = GPDesignMode;
			};
			name = Release;
		};
/* End XCBuildConfiguration section */

/* Begin XCConfigurationList section */
		AC4D4BAB1E51D94D0057CBBE /* Build configuration list for PBXProject "GPDesignMode" */ = {
			isa = XCConfigurationList;
			buildConfigurations = (
				AC4D4BDB1E51D94E0057CBBE /* Debug */,
				AC4D4BDC1E51D94E0057CBBE /* Release */,
			);
			defaultConfigurationIsVisible = 0;
			defaultConfigurationName = Release;
		};
		AC4D4BDD1E51D94E0057CBBE /* Build configuration list for PBXNativeTarget "GPDesignMode" */ = {
			isa = XCConfigurationList;
			buildConfigurations = (
				AC4D4BDE1E51D94E0057CBBE /* Debug */,
				AC4D4BDF1E51D94E0057CBBE /* Release */,
			);
			defaultConfigurationIsVisible = 0;
			defaultConfigurationName = Release;
		};
		AC4D4BE01E51D94E0057CBBE /* Build configuration list for PBXNativeTarget "GPDesignModeTests" */ = {
			isa = XCConfigurationList;
			buildConfigurations = (
				AC4D4BE11E51D94E0057CBBE /* Debug */,
				AC4D4BE21E51D94E0057CBBE /* Release */,
			);
			defaultConfigurationIsVisible = 0;
			defaultConfigurationName = Release;
		};
		AC4D4BE31E51D94E0057CBBE /* Build configuration list for PBXNativeTarget "GPDesignModeUITests" */ = {
			isa = XCConfigurationList;
			buildConfigurations = (
				AC4D4BE41E51D94E0057CBBE /* Debug */,
				AC4D4BE51E51D94E0057CBBE /* Release */,
			);
			defaultConfigurationIsVisible = 0;
			defaultConfigurationName = Release;
		};
/* End XCConfigurationList section */
	};
	rootObject = AC4D4BA81E51D94D0057CBBE /* Project object */;
}
